// !$*UTF8*$!
{
	archiveVersion = 1;
	classes = {
	};
	objectVersion = 46;
	objects = {

/* Begin PBXBuildFile section */
		FA00CC521D8D0BC800DE95C9 /* AppDelegate.swift in Sources */ = {isa = PBXBuildFile; fileRef = FA00CC511D8D0BC800DE95C9 /* AppDelegate.swift */; };
		FA00CC541D8D0BC800DE95C9 /* MasterViewController.swift in Sources */ = {isa = PBXBuildFile; fileRef = FA00CC531D8D0BC800DE95C9 /* MasterViewController.swift */; };
		FA00CC561D8D0BC800DE95C9 /* DetailViewController.swift in Sources */ = {isa = PBXBuildFile; fileRef = FA00CC551D8D0BC800DE95C9 /* DetailViewController.swift */; };
		FA00CC591D8D0BC800DE95C9 /* Main.storyboard in Resources */ = {isa = PBXBuildFile; fileRef = FA00CC571D8D0BC800DE95C9 /* Main.storyboard */; };
		FA00CC5B1D8D0BC800DE95C9 /* Assets.xcassets in Resources */ = {isa = PBXBuildFile; fileRef = FA00CC5A1D8D0BC800DE95C9 /* Assets.xcassets */; };
		FA00CC5E1D8D0BC800DE95C9 /* LaunchScreen.storyboard in Resources */ = {isa = PBXBuildFile; fileRef = FA00CC5C1D8D0BC800DE95C9 /* LaunchScreen.storyboard */; };
		FA00CC661D8D0DBB00DE95C9 /* Operator.swift in Sources */ = {isa = PBXBuildFile; fileRef = FA00CC651D8D0DBB00DE95C9 /* Operator.swift */; };
		FA00CC681D8D10CB00DE95C9 /* Performer.swift in Sources */ = {isa = PBXBuildFile; fileRef = FA00CC671D8D10CB00DE95C9 /* Performer.swift */; };
		FA00CC6C1D8D125600DE95C9 /* RxBlocking.framework in Frameworks */ = {isa = PBXBuildFile; fileRef = FA00CC691D8D125600DE95C9 /* RxBlocking.framework */; };
		FA00CC6D1D8D125600DE95C9 /* RxBlocking.framework in Embed Frameworks */ = {isa = PBXBuildFile; fileRef = FA00CC691D8D125600DE95C9 /* RxBlocking.framework */; settings = {ATTRIBUTES = (CodeSignOnCopy, RemoveHeadersOnCopy, ); }; };
		FA00CC6E1D8D125600DE95C9 /* RxCocoa.framework in Frameworks */ = {isa = PBXBuildFile; fileRef = FA00CC6A1D8D125600DE95C9 /* RxCocoa.framework */; };
		FA00CC6F1D8D125600DE95C9 /* RxCocoa.framework in Embed Frameworks */ = {isa = PBXBuildFile; fileRef = FA00CC6A1D8D125600DE95C9 /* RxCocoa.framework */; settings = {ATTRIBUTES = (CodeSignOnCopy, RemoveHeadersOnCopy, ); }; };
		FA00CC701D8D125600DE95C9 /* RxSwift.framework in Frameworks */ = {isa = PBXBuildFile; fileRef = FA00CC6B1D8D125600DE95C9 /* RxSwift.framework */; };
		FA00CC711D8D125600DE95C9 /* RxSwift.framework in Embed Frameworks */ = {isa = PBXBuildFile; fileRef = FA00CC6B1D8D125600DE95C9 /* RxSwift.framework */; settings = {ATTRIBUTES = (CodeSignOnCopy, RemoveHeadersOnCopy, ); }; };
		FA00CC741D8D17C200DE95C9 /* ExampleOperators.swift in Sources */ = {isa = PBXBuildFile; fileRef = FA00CC731D8D17C200DE95C9 /* ExampleOperators.swift */; };
		FA00CC761D8D251100DE95C9 /* TimelineView.swift in Sources */ = {isa = PBXBuildFile; fileRef = FA00CC751D8D251000DE95C9 /* TimelineView.swift */; };
/* End PBXBuildFile section */

/* Begin PBXCopyFilesBuildPhase section */
		FA00CC721D8D125600DE95C9 /* Embed Frameworks */ = {
			isa = PBXCopyFilesBuildPhase;
			buildActionMask = 2147483647;
			dstPath = "";
			dstSubfolderSpec = 10;
			files = (
				FA00CC6F1D8D125600DE95C9 /* RxCocoa.framework in Embed Frameworks */,
				FA00CC6D1D8D125600DE95C9 /* RxBlocking.framework in Embed Frameworks */,
				FA00CC711D8D125600DE95C9 /* RxSwift.framework in Embed Frameworks */,
			);
			name = "Embed Frameworks";
			runOnlyForDeploymentPostprocessing = 0;
		};
/* End PBXCopyFilesBuildPhase section */

/* Begin PBXFileReference section */
		FA00CC4E1D8D0BC800DE95C9 /* RxPlaygrounds.app */ = {isa = PBXFileReference; explicitFileType = wrapper.application; includeInIndex = 0; path = RxPlaygrounds.app; sourceTree = BUILT_PRODUCTS_DIR; };
		FA00CC511D8D0BC800DE95C9 /* AppDelegate.swift */ = {isa = PBXFileReference; lastKnownFileType = sourcecode.swift; path = AppDelegate.swift; sourceTree = "<group>"; };
		FA00CC531D8D0BC800DE95C9 /* MasterViewController.swift */ = {isa = PBXFileReference; lastKnownFileType = sourcecode.swift; path = MasterViewController.swift; sourceTree = "<group>"; };
		FA00CC551D8D0BC800DE95C9 /* DetailViewController.swift */ = {isa = PBXFileReference; lastKnownFileType = sourcecode.swift; path = DetailViewController.swift; sourceTree = "<group>"; };
		FA00CC581D8D0BC800DE95C9 /* Base */ = {isa = PBXFileReference; lastKnownFileType = file.storyboard; name = Base; path = Base.lproj/Main.storyboard; sourceTree = "<group>"; };
		FA00CC5A1D8D0BC800DE95C9 /* Assets.xcassets */ = {isa = PBXFileReference; lastKnownFileType = folder.assetcatalog; path = Assets.xcassets; sourceTree = "<group>"; };
		FA00CC5D1D8D0BC800DE95C9 /* Base */ = {isa = PBXFileReference; lastKnownFileType = file.storyboard; name = Base; path = Base.lproj/LaunchScreen.storyboard; sourceTree = "<group>"; };
		FA00CC5F1D8D0BC800DE95C9 /* Info.plist */ = {isa = PBXFileReference; lastKnownFileType = text.plist.xml; path = Info.plist; sourceTree = "<group>"; };
		FA00CC651D8D0DBB00DE95C9 /* Operator.swift */ = {isa = PBXFileReference; fileEncoding = 4; lastKnownFileType = sourcecode.swift; path = Operator.swift; sourceTree = "<group>"; };
		FA00CC671D8D10CB00DE95C9 /* Performer.swift */ = {isa = PBXFileReference; fileEncoding = 4; lastKnownFileType = sourcecode.swift; name = Performer.swift; path = ../Performer.swift; sourceTree = "<group>"; };
		FA00CC691D8D125600DE95C9 /* RxBlocking.framework */ = {isa = PBXFileReference; lastKnownFileType = wrapper.framework; name = RxBlocking.framework; path = Carthage/Build/iOS/RxBlocking.framework; sourceTree = "<group>"; };
		FA00CC6A1D8D125600DE95C9 /* RxCocoa.framework */ = {isa = PBXFileReference; lastKnownFileType = wrapper.framework; name = RxCocoa.framework; path = Carthage/Build/iOS/RxCocoa.framework; sourceTree = "<group>"; };
		FA00CC6B1D8D125600DE95C9 /* RxSwift.framework */ = {isa = PBXFileReference; lastKnownFileType = wrapper.framework; name = RxSwift.framework; path = Carthage/Build/iOS/RxSwift.framework; sourceTree = "<group>"; };
		FA00CC731D8D17C200DE95C9 /* ExampleOperators.swift */ = {isa = PBXFileReference; fileEncoding = 4; lastKnownFileType = sourcecode.swift; path = ExampleOperators.swift; sourceTree = "<group>"; };
		FA00CC751D8D251000DE95C9 /* TimelineView.swift */ = {isa = PBXFileReference; fileEncoding = 4; lastKnownFileType = sourcecode.swift; path = TimelineView.swift; sourceTree = "<group>"; };
/* End PBXFileReference section */

/* Begin PBXFrameworksBuildPhase section */
		FA00CC4B1D8D0BC800DE95C9 /* Frameworks */ = {
			isa = PBXFrameworksBuildPhase;
			buildActionMask = 2147483647;
			files = (
				FA00CC6E1D8D125600DE95C9 /* RxCocoa.framework in Frameworks */,
				FA00CC6C1D8D125600DE95C9 /* RxBlocking.framework in Frameworks */,
				FA00CC701D8D125600DE95C9 /* RxSwift.framework in Frameworks */,
			);
			runOnlyForDeploymentPostprocessing = 0;
		};
/* End PBXFrameworksBuildPhase section */

/* Begin PBXGroup section */
		FA00CC451D8D0BC800DE95C9 = {
			isa = PBXGroup;
			children = (
				FA00CC691D8D125600DE95C9 /* RxBlocking.framework */,
				FA00CC6A1D8D125600DE95C9 /* RxCocoa.framework */,
				FA00CC6B1D8D125600DE95C9 /* RxSwift.framework */,
				FA00CC501D8D0BC800DE95C9 /* RxPlaygrounds */,
				FA00CC4F1D8D0BC800DE95C9 /* Products */,
			);
			sourceTree = "<group>";
		};
		FA00CC4F1D8D0BC800DE95C9 /* Products */ = {
			isa = PBXGroup;
			children = (
				FA00CC4E1D8D0BC800DE95C9 /* RxPlaygrounds.app */,
			);
			name = Products;
			sourceTree = "<group>";
		};
		FA00CC501D8D0BC800DE95C9 /* RxPlaygrounds */ = {
			isa = PBXGroup;
			children = (
				FA00CC511D8D0BC800DE95C9 /* AppDelegate.swift */,
				FA00CC531D8D0BC800DE95C9 /* MasterViewController.swift */,
				FA00CC551D8D0BC800DE95C9 /* DetailViewController.swift */,
				FA00CC651D8D0DBB00DE95C9 /* Operator.swift */,
				FA00CC671D8D10CB00DE95C9 /* Performer.swift */,
				FA00CC731D8D17C200DE95C9 /* ExampleOperators.swift */,
				FA00CC751D8D251000DE95C9 /* TimelineView.swift */,
				FA00CC571D8D0BC800DE95C9 /* Main.storyboard */,
				FA00CC5A1D8D0BC800DE95C9 /* Assets.xcassets */,
				FA00CC5C1D8D0BC800DE95C9 /* LaunchScreen.storyboard */,
				FA00CC5F1D8D0BC800DE95C9 /* Info.plist */,
			);
			path = RxPlaygrounds;
			sourceTree = "<group>";
		};
/* End PBXGroup section */

/* Begin PBXNativeTarget section */
		FA00CC4D1D8D0BC800DE95C9 /* RxPlaygrounds */ = {
			isa = PBXNativeTarget;
			buildConfigurationList = FA00CC621D8D0BC800DE95C9 /* Build configuration list for PBXNativeTarget "RxPlaygrounds" */;
			buildPhases = (
				FA00CC4A1D8D0BC800DE95C9 /* Sources */,
				FA00CC4B1D8D0BC800DE95C9 /* Frameworks */,
				FA00CC4C1D8D0BC800DE95C9 /* Resources */,
				FA00CC721D8D125600DE95C9 /* Embed Frameworks */,
			);
			buildRules = (
			);
			dependencies = (
			);
			name = RxPlaygrounds;
			productName = RxPlaygrounds;
			productReference = FA00CC4E1D8D0BC800DE95C9 /* RxPlaygrounds.app */;
			productType = "com.apple.product-type.application";
		};
/* End PBXNativeTarget section */

/* Begin PBXProject section */
		FA00CC461D8D0BC800DE95C9 /* Project object */ = {
			isa = PBXProject;
			attributes = {
				LastSwiftUpdateCheck = 0800;
				LastUpgradeCheck = 0800;
				ORGANIZATIONNAME = "杨弘宇";
				TargetAttributes = {
					FA00CC4D1D8D0BC800DE95C9 = {
						CreatedOnToolsVersion = 8.0;
						DevelopmentTeam = S8ZP685HLU;
						ProvisioningStyle = Automatic;
					};
				};
			};
			buildConfigurationList = FA00CC491D8D0BC800DE95C9 /* Build configuration list for PBXProject "RxPlaygrounds" */;
			compatibilityVersion = "Xcode 3.2";
			developmentRegion = English;
			hasScannedForEncodings = 0;
			knownRegions = (
				en,
				Base,
			);
			mainGroup = FA00CC451D8D0BC800DE95C9;
			productRefGroup = FA00CC4F1D8D0BC800DE95C9 /* Products */;
			projectDirPath = "";
			projectRoot = "";
			targets = (
				FA00CC4D1D8D0BC800DE95C9 /* RxPlaygrounds */,
			);
		};
/* End PBXProject section */

/* Begin PBXResourcesBuildPhase section */
		FA00CC4C1D8D0BC800DE95C9 /* Resources */ = {
			isa = PBXResourcesBuildPhase;
			buildActionMask = 2147483647;
			files = (
				FA00CC5E1D8D0BC800DE95C9 /* LaunchScreen.storyboard in Resources */,
				FA00CC5B1D8D0BC800DE95C9 /* Assets.xcassets in Resources */,
				FA00CC591D8D0BC800DE95C9 /* Main.storyboard in Resources */,
			);
			runOnlyForDeploymentPostprocessing = 0;
		};
/* End PBXResourcesBuildPhase section */

/* Begin PBXSourcesBuildPhase section */
		FA00CC4A1D8D0BC800DE95C9 /* Sources */ = {
			isa = PBXSourcesBuildPhase;
			buildActionMask = 2147483647;
			files = (
				FA00CC741D8D17C200DE95C9 /* ExampleOperators.swift in Sources */,
				FA00CC761D8D251100DE95C9 /* TimelineView.swift in Sources */,
				FA00CC561D8D0BC800DE95C9 /* DetailViewController.swift in Sources */,
				FA00CC681D8D10CB00DE95C9 /* Performer.swift in Sources */,
				FA00CC661D8D0DBB00DE95C9 /* Operator.swift in Sources */,
				FA00CC541D8D0BC800DE95C9 /* MasterViewController.swift in Sources */,
				FA00CC521D8D0BC800DE95C9 /* AppDelegate.swift in Sources */,
			);
			runOnlyForDeploymentPostprocessing = 0;
		};
/* End PBXSourcesBuildPhase section */

/* Begin PBXVariantGroup section */
		FA00CC571D8D0BC800DE95C9 /* Main.storyboard */ = {
			isa = PBXVariantGroup;
			children = (
				FA00CC581D8D0BC800DE95C9 /* Base */,
			);
			name = Main.storyboard;
			sourceTree = "<group>";
		};
		FA00CC5C1D8D0BC800DE95C9 /* LaunchScreen.storyboard */ = {
			isa = PBXVariantGroup;
			children = (
				FA00CC5D1D8D0BC800DE95C9 /* Base */,
			);
			name = LaunchScreen.storyboard;
			sourceTree = "<group>";
		};
/* End PBXVariantGroup section */

/* Begin XCBuildConfiguration section */
		FA00CC601D8D0BC800DE95C9 /* Debug */ = {
			isa = XCBuildConfiguration;
			buildSettings = {
				ALWAYS_SEARCH_USER_PATHS = NO;
				CLANG_ANALYZER_NONNULL = YES;
				CLANG_CXX_LANGUAGE_STANDARD = "gnu++0x";
				CLANG_CXX_LIBRARY = "libc++";
				CLANG_ENABLE_MODULES = YES;
				CLANG_ENABLE_OBJC_ARC = YES;
				CLANG_WARN_BOOL_CONVERSION = YES;
				CLANG_WARN_CONSTANT_CONVERSION = YES;
				CLANG_WARN_DIRECT_OBJC_ISA_USAGE = YES_ERROR;
				CLANG_WARN_DOCUMENTATION_COMMENTS = YES;
				CLANG_WARN_EMPTY_BODY = YES;
				CLANG_WARN_ENUM_CONVERSION = YES;
				CLANG_WARN_INFINITE_RECURSION = YES;
				CLANG_WARN_INT_CONVERSION = YES;
				CLANG_WARN_OBJC_ROOT_CLASS = YES_ERROR;
				CLANG_WARN_SUSPICIOUS_MOVES = YES;
				CLANG_WARN_UNREACHABLE_CODE = YES;
				CLANG_WARN__DUPLICATE_METHOD_MATCH = YES;
				"CODE_SIGN_IDENTITY[sdk=iphoneos*]" = "iPhone Developer";
				COPY_PHASE_STRIP = NO;
				DEBUG_INFORMATION_FORMAT = dwarf;
				ENABLE_STRICT_OBJC_MSGSEND = YES;
				ENABLE_TESTABILITY = YES;
				GCC_C_LANGUAGE_STANDARD = gnu99;
				GCC_DYNAMIC_NO_PIC = NO;
				GCC_NO_COMMON_BLOCKS = YES;
				GCC_OPTIMIZATION_LEVEL = 0;
				GCC_PREPROCESSOR_DEFINITIONS = (
					"DEBUG=1",
					"$(inherited)",
				);
				GCC_WARN_64_TO_32_BIT_CONVERSION = YES;
				GCC_WARN_ABOUT_RETURN_TYPE = YES_ERROR;
				GCC_WARN_UNDECLARED_SELECTOR = YES;
				GCC_WARN_UNINITIALIZED_AUTOS = YES_AGGRESSIVE;
				GCC_WARN_UNUSED_FUNCTION = YES;
				GCC_WARN_UNUSED_VARIABLE = YES;
				IPHONEOS_DEPLOYMENT_TARGET = 10.0;
				MTL_ENABLE_DEBUG_INFO = YES;
				ONLY_ACTIVE_ARCH = YES;
				SDKROOT = iphoneos;
				SWIFT_ACTIVE_COMPILATION_CONDITIONS = DEBUG;
				SWIFT_OPTIMIZATION_LEVEL = "-Onone";
				TARGETED_DEVICE_FAMILY = 2;
			};
			name = Debug;
		};
		FA00CC611D8D0BC800DE95C9 /* Release */ = {
			isa = XCBuildConfiguration;
			buildSettings = {
				ALWAYS_SEARCH_USER_PATHS = NO;
				CLANG_ANALYZER_NONNULL = YES;
				CLANG_CXX_LANGUAGE_STANDARD = "gnu++0x";
				CLANG_CXX_LIBRARY = "libc++";
				CLANG_ENABLE_MODULES = YES;
				CLANG_ENABLE_OBJC_ARC = YES;
				CLANG_WARN_BOOL_CONVERSION = YES;
				CLANG_WARN_CONSTANT_CONVERSION = YES;
				CLANG_WARN_DIRECT_OBJC_ISA_USAGE = YES_ERROR;
				CLANG_WARN_DOCUMENTATION_COMMENTS = YES;
				CLANG_WARN_EMPTY_BODY = YES;
				CLANG_WARN_ENUM_CONVERSION = YES;
				CLANG_WARN_INFINITE_RECURSION = YES;
				CLANG_WARN_INT_CONVERSION = YES;
				CLANG_WARN_OBJC_ROOT_CLASS = YES_ERROR;
				CLANG_WARN_SUSPICIOUS_MOVES = YES;
				CLANG_WARN_UNREACHABLE_CODE = YES;
				CLANG_WARN__DUPLICATE_METHOD_MATCH = YES;
				"CODE_SIGN_IDENTITY[sdk=iphoneos*]" = "iPhone Developer";
				COPY_PHASE_STRIP = NO;
				DEBUG_INFORMATION_FORMAT = "dwarf-with-dsym";
				ENABLE_NS_ASSERTIONS = NO;
				ENABLE_STRICT_OBJC_MSGSEND = YES;
				GCC_C_LANGUAGE_STANDARD = gnu99;
				GCC_NO_COMMON_BLOCKS = YES;
				GCC_WARN_64_TO_32_BIT_CONVERSION = YES;
				GCC_WARN_ABOUT_RETURN_TYPE = YES_ERROR;
				GCC_WARN_UNDECLARED_SELECTOR = YES;
				GCC_WARN_UNINITIALIZED_AUTOS = YES_AGGRESSIVE;
				GCC_WARN_UNUSED_FUNCTION = YES;
				GCC_WARN_UNUSED_VARIABLE = YES;
				IPHONEOS_DEPLOYMENT_TARGET = 10.0;
				MTL_ENABLE_DEBUG_INFO = NO;
				SDKROOT = iphoneos;
				SWIFT_OPTIMIZATION_LEVEL = "-Owholemodule";
				TARGETED_DEVICE_FAMILY = 2;
				VALIDATE_PRODUCT = YES;
			};
			name = Release;
		};
		FA00CC631D8D0BC800DE95C9 /* Debug */ = {
			isa = XCBuildConfiguration;
			buildSettings = {
				ASSETCATALOG_COMPILER_APPICON_NAME = AppIcon;
				DEVELOPMENT_TEAM = S8ZP685HLU;
				FRAMEWORK_SEARCH_PATHS = (
					"$(inherited)",
					"$(PROJECT_DIR)/Carthage/Build/iOS",
				);
				INFOPLIST_FILE = RxPlaygrounds/Info.plist;
				LD_RUNPATH_SEARCH_PATHS = "$(inherited) @executable_path/Frameworks";
				PRODUCT_BUNDLE_IDENTIFIER = com.cyandev.RxPlaygrounds;
				PRODUCT_NAME = "$(TARGET_NAME)";
				SWIFT_VERSION = 3.0;
			};
			name = Debug;
		};
		FA00CC641D8D0BC800DE95C9 /* Release */ = {
			isa = XCBuildConfiguration;
			buildSettings = {
				ASSETCATALOG_COMPILER_APPICON_NAME = AppIcon;
				DEVELOPMENT_TEAM = S8ZP685HLU;
				FRAMEWORK_SEARCH_PATHS = (
					"$(inherited)",
					"$(PROJECT_DIR)/Carthage/Build/iOS",
				);
				INFOPLIST_FILE = RxPlaygrounds/Info.plist;
				LD_RUNPATH_SEARCH_PATHS = "$(inherited) @executable_path/Frameworks";
				PRODUCT_BUNDLE_IDENTIFIER = com.cyandev.RxPlaygrounds;
				PRODUCT_NAME = "$(TARGET_NAME)";
				SWIFT_VERSION = 3.0;
			};
			name = Release;
		};
/* End XCBuildConfiguration section */

/* Begin XCConfigurationList section */
		FA00CC491D8D0BC800DE95C9 /* Build configuration list for PBXProject "RxPlaygrounds" */ = {
			isa = XCConfigurationList;
			buildConfigurations = (
				FA00CC601D8D0BC800DE95C9 /* Debug */,
				FA00CC611D8D0BC800DE95C9 /* Release */,
			);
			defaultConfigurationIsVisible = 0;
			defaultConfigurationName = Release;
		};
		FA00CC621D8D0BC800DE95C9 /* Build configuration list for PBXNativeTarget "RxPlaygrounds" */ = {
			isa = XCConfigurationList;
			buildConfigurations = (
				FA00CC631D8D0BC800DE95C9 /* Debug */,
				FA00CC641D8D0BC800DE95C9 /* Release */,
			);
			defaultConfigurationIsVisible = 0;
		};
/* End XCConfigurationList section */
	};
	rootObject = FA00CC461D8D0BC800DE95C9 /* Project object */;
}
